{
  "name": "lec2.6",
  "version": "1.0.0",
  "lockfileVersion": 1,
  "requires": true,
  "dependencies": {
    "san": {
      "version": "3.6.0",
      "resolved": "http://registry.npm.taobao.org/san/download/san-3.6.0.tgz",
      "dev": true
    },
    "typescript": {
      "version": "2.9.1",
      "resolved": "http://registry.npm.taobao.org/typescript/download/typescript-2.9.1.tgz",
      "integrity": "sha1-/bGdLGehXRGZX9FWQONz4JqwmWE=",
      "dev": true
    }
  }
}
